
Microsoft Visual Studio Solution File, Format Version 12.00
# Visual Studio Version 17
VisualStudioVersion = 17.0.32126.317
MinimumVisualStudioVersion = 10.0.40219.1
Project("{9A19103F-16F7-4668-BE54-9A1E7A4F7556}") = "Yggdrasil.Server", "Yggdrasil\Server\Yggdrasil.Server.csproj", "{15906BFD-DC3C-4E0F-A99D-C9FF2F34C660}"
EndProject
Project("{9A19103F-16F7-4668-BE54-9A1E7A4F7556}") = "Yggdrasil.Client", "Yggdrasil\Client\Yggdrasil.Client.csproj", "{E45554A0-4C01-41C9-B60E-F645EC25805E}"
EndProject
Project("{9A19103F-16F7-4668-BE54-9A1E7A4F7556}") = "Yggdrasil.Shared", "Yggdrasil\Shared\Yggdrasil.Shared.csproj", "{B9AE2D93-8D9E-4D03-8012-03EDAF408667}"
EndProject
Project("{2150E333-8FDC-42A3-9474-1A3956D46DE8}") = "Tests", "Tests", "{CE242C93-DC40-4160-8AA2-41666B50DB26}"
EndProject
Project("{9A19103F-16F7-4668-BE54-9A1E7A4F7556}") = "Yggdrasil.Tests", "Yggdrasil.Tests\Yggdrasil.Tests.csproj", "{05903331-11D3-4B0A-9262-9946C86674B7}"
EndProject
Project("{FAE04EC0-301F-11D3-BF4B-00C04F79EFBC}") = "Yggdrasil.Integration.Tests", "Yggdrasil.Integration.Tests\Yggdrasil.Integration.Tests.csproj", "{537FB3EB-B8CD-40EA-AF48-037364DD3A82}"
EndProject
Global
	GlobalSection(SolutionConfigurationPlatforms) = preSolution
		Debug|Any CPU = Debug|Any CPU
		Release|Any CPU = Release|Any CPU
	EndGlobalSection
	GlobalSection(ProjectConfigurationPlatforms) = postSolution
		{15906BFD-DC3C-4E0F-A99D-C9FF2F34C660}.Debug|Any CPU.ActiveCfg = Debug|Any CPU
		{15906BFD-DC3C-4E0F-A99D-C9FF2F34C660}.Debug|Any CPU.Build.0 = Debug|Any CPU
		{15906BFD-DC3C-4E0F-A99D-C9FF2F34C660}.Release|Any CPU.ActiveCfg = Release|Any CPU
		{15906BFD-DC3C-4E0F-A99D-C9FF2F34C660}.Release|Any CPU.Build.0 = Release|Any CPU
		{E45554A0-4C01-41C9-B60E-F645EC25805E}.Debug|Any CPU.ActiveCfg = Debug|Any CPU
		{E45554A0-4C01-41C9-B60E-F645EC25805E}.Debug|Any CPU.Build.0 = Debug|Any CPU
		{E45554A0-4C01-41C9-B60E-F645EC25805E}.Release|Any CPU.ActiveCfg = Release|Any CPU
		{E45554A0-4C01-41C9-B60E-F645EC25805E}.Release|Any CPU.Build.0 = Release|Any CPU
		{B9AE2D93-8D9E-4D03-8012-03EDAF408667}.Debug|Any CPU.ActiveCfg = Debug|Any CPU
		{B9AE2D93-8D9E-4D03-8012-03EDAF408667}.Debug|Any CPU.Build.0 = Debug|Any CPU
		{B9AE2D93-8D9E-4D03-8012-03EDAF408667}.Release|Any CPU.ActiveCfg = Release|Any CPU
		{B9AE2D93-8D9E-4D03-8012-03EDAF408667}.Release|Any CPU.Build.0 = Release|Any CPU
		{05903331-11D3-4B0A-9262-9946C86674B7}.Debug|Any CPU.ActiveCfg = Debug|Any CPU
		{05903331-11D3-4B0A-9262-9946C86674B7}.Debug|Any CPU.Build.0 = Debug|Any CPU
		{05903331-11D3-4B0A-9262-9946C86674B7}.Release|Any CPU.ActiveCfg = Release|Any CPU
		{05903331-11D3-4B0A-9262-9946C86674B7}.Release|Any CPU.Build.0 = Release|Any CPU
		{537FB3EB-B8CD-40EA-AF48-037364DD3A82}.Debug|Any CPU.ActiveCfg = Debug|Any CPU
		{537FB3EB-B8CD-40EA-AF48-037364DD3A82}.Debug|Any CPU.Build.0 = Debug|Any CPU
		{537FB3EB-B8CD-40EA-AF48-037364DD3A82}.Release|Any CPU.ActiveCfg = Release|Any CPU
		{537FB3EB-B8CD-40EA-AF48-037364DD3A82}.Release|Any CPU.Build.0 = Release|Any CPU
	EndGlobalSection
	GlobalSection(SolutionProperties) = preSolution
		HideSolutionNode = FALSE
	EndGlobalSection
	GlobalSection(NestedProjects) = preSolution
		{05903331-11D3-4B0A-9262-9946C86674B7} = {CE242C93-DC40-4160-8AA2-41666B50DB26}
		{537FB3EB-B8CD-40EA-AF48-037364DD3A82} = {CE242C93-DC40-4160-8AA2-41666B50DB26}
	EndGlobalSection
	GlobalSection(ExtensibilityGlobals) = postSolution
		SolutionGuid = {DC73C404-406F-453F-BEC0-771ED43F51AA}
	EndGlobalSection
EndGlobal
